# This file is automatically @generated by Wally.
# It is not intended for manual editing.
registry = "test"

[[package]]
name = "fog-studios/brainrot-inc"
version = "0.1.0"
dependencies = [["Signal", "stravant/goodsignal@0.3.1"], ["Trove", "sleitnick/trove@1.8.0"], ["TestEZ", "roblox/testez@0.4.1"]]

[[package]]
name = "roblox/testez"
version = "0.4.1"
dependencies = []

[[package]]
name = "sleitnick/trove"
version = "1.8.0"
dependencies = []

[[package]]
name = "stravant/goodsignal"
version = "0.3.1"
dependencies = []
